
Microsoft Visual Studio Solution File, Format Version 12.00
# Visual Studio Version 16
VisualStudioVersion = 16.0.30204.135
MinimumVisualStudioVersion = 10.0.40219.1
Project("{8BC9CEB8-8B4A-11D0-8D11-00A0C91BC942}") = "Elevat0r", "Elevat0r.vcxproj", "{93E09D84-A617-43E5-9F62-6AB6D8228BD0}"
EndProject
Global
	GlobalSection(SolutionConfigurationPlatforms) = preSolution
		Debug|x64 = Debug|x64
		Debug|x86 = Debug|x86
		Release|x64 = Release|x64
		Release|x86 = Release|x86
	EndGlobalSection
	GlobalSection(ProjectConfigurationPlatforms) = postSolution
		{93E09D84-A617-43E5-9F62-6AB6D8228BD0}.Debug|x64.ActiveCfg = Debug|x64
		{93E09D84-A617-43E5-9F62-6AB6D8228BD0}.Debug|x64.Build.0 = Debug|x64
		{93E09D84-A617-43E5-9F62-6AB6D8228BD0}.Debug|x86.ActiveCfg = Debug|Win32
		{93E09D84-A617-43E5-9F62-6AB6D8228BD0}.Debug|x86.Build.0 = Debug|Win32
		{93E09D84-A617-43E5-9F62-6AB6D8228BD0}.Release|x64.ActiveCfg = Release|x64
		{93E09D84-A617-43E5-9F62-6AB6D8228BD0}.Release|x64.Build.0 = Release|x64
		{93E09D84-A617-43E5-9F62-6AB6D8228BD0}.Release|x86.ActiveCfg = Release|Win32
		{93E09D84-A617-43E5-9F62-6AB6D8228BD0}.Release|x86.Build.0 = Release|Win32
	EndGlobalSection
	GlobalSection(SolutionProperties) = preSolution
		HideSolutionNode = FALSE
	EndGlobalSection
	GlobalSection(ExtensibilityGlobals) = postSolution
		SolutionGuid = {C6980C02-BC7E-496A-8766-2282739B5684}
	EndGlobalSection
EndGlobal
